
Microsoft Visual Studio Solution File, Format Version 12.00
# Visual Studio Version 16
VisualStudioVersion = 16.0.29709.97
MinimumVisualStudioVersion = 10.0.40219.1
Project("{FAE04EC0-301F-11D3-BF4B-00C04F79EFBC}") = "CrudExample", "CrudExample\CrudExample.csproj", "{C35082B3-31C0-44EA-AF43-E9FD80EF1D7C}"
EndProject
Global
	GlobalSection(SolutionConfigurationPlatforms) = preSolution
		Debug|Any CPU = Debug|Any CPU
		Release|Any CPU = Release|Any CPU
	EndGlobalSection
	GlobalSection(ProjectConfigurationPlatforms) = postSolution
		{C35082B3-31C0-44EA-AF43-E9FD80EF1D7C}.Debug|Any CPU.ActiveCfg = Debug|Any CPU
		{C35082B3-31C0-44EA-AF43-E9FD80EF1D7C}.Debug|Any CPU.Build.0 = Debug|Any CPU
		{C35082B3-31C0-44EA-AF43-E9FD80EF1D7C}.Release|Any CPU.ActiveCfg = Release|Any CPU
		{C35082B3-31C0-44EA-AF43-E9FD80EF1D7C}.Release|Any CPU.Build.0 = Release|Any CPU
	EndGlobalSection
	GlobalSection(SolutionProperties) = preSolution
		HideSolutionNode = FALSE
	EndGlobalSection
	GlobalSection(ExtensibilityGlobals) = postSolution
		SolutionGuid = {B30870B1-AE7F-4998-84A1-01D261ECF588}
	EndGlobalSection
EndGlobal
